{
  "name": "ch-fr",
  "version": "1.0.0",
  "lockfileVersion": 1,
  "requires": true,
  "dependencies": {
    "async-limiter": {
      "version": "1.0.1",
      "resolved": "https://registry.npmjs.org/async-limiter/-/async-limiter-1.0.1.tgz",
      "integrity": "sha1-3TeelPDbgxCwgpH51kwyCXZmF/0="
    },
    "discord-auditlog": {
      "version": "1.9.4",
      "resolved": "https://registry.npmjs.org/discord-auditlog/-/discord-auditlog-1.9.4.tgz",
      "integrity": "sha512-6r0zyCKP3SYaH4UzG5IuU4IEv5JFRzhOAa2pAPf/iOWfDyNlDnDJHIEBW/2D/5iLm7DW++x2ZBFlsusgTYV7Xw==",
      "requires": {
        "discord.js": "^11.5.1"
      }
    },
    "discord.js": {
      "version": "11.5.1",
      "resolved": "https://registry.npmjs.org/discord.js/-/discord.js-11.5.1.tgz",
      "integrity": "sha1-kQ+59kEDKFgQk+BEyvtmF4Ok2eg=",
      "requires": {
        "long": "^4.0.0",
        "prism-media": "^0.0.3",
        "snekfetch": "^3.6.4",
        "tweetnacl": "^1.0.0",
        "ws": "^6.0.0"
      }
    },
    "long": {
      "version": "4.0.0",
      "resolved": "https://registry.npmjs.org/long/-/long-4.0.0.tgz",
      "integrity": "sha1-mntxz7fTYaGU6lVSQckvdGjVvyg="
    },
    "prism-media": {
      "version": "0.0.3",
      "resolved": "https://registry.npmjs.org/prism-media/-/prism-media-0.0.3.tgz",
      "integrity": "sha1-iELU+ugE8JnTtIqaOOPCurb0hVs="
    },
    "snekfetch": {
      "version": "3.6.4",
      "resolved": "https://registry.npmjs.org/snekfetch/-/snekfetch-3.6.4.tgz",
      "integrity": "sha1-0T6AphbYkvPTjarkKJ9NJYpkUSA="
    },
    "tweetnacl": {
      "version": "1.0.2",
      "resolved": "https://registry.npmjs.org/tweetnacl/-/tweetnacl-1.0.2.tgz",
      "integrity": "sha1-Ofuo0fejRwaj/B/YwEr8rXu55ok="
    },
    "ws": {
      "version": "6.2.1",
      "resolved": "https://registry.npmjs.org/ws/-/ws-6.2.1.tgz",
      "integrity": "sha1-RC/fCkftZPWbal2P8TD0dI7VJPs=",
      "requires": {
        "async-limiter": "~1.0.0"
      }
    }
  }
}
